
Microsoft Visual Studio Solution File, Format Version 12.00
# Visual Studio Version 16
VisualStudioVersion = 16.0.30413.136
MinimumVisualStudioVersion = 10.0.40219.1
Project("{9A19103F-16F7-4668-BE54-9A1E7A4F7556}") = "TrueRace", "TrueRace\TrueRace.csproj", "{D89B1CE8-B86A-4C01-A157-4AC3E00A9189}"
EndProject
Project("{9A19103F-16F7-4668-BE54-9A1E7A4F7556}") = "Model", "Model\Model.csproj", "{9E8B3411-00D7-4A3E-BA42-5CB2DA563FE4}"
EndProject
Project("{9A19103F-16F7-4668-BE54-9A1E7A4F7556}") = "Controller", "Controller\Controller.csproj", "{94C96E09-3528-4AD3-9124-19286C12AB0B}"
EndProject
Project("{FAE04EC0-301F-11D3-BF4B-00C04F79EFBC}") = "ControllerTest", "ControllerTest\ControllerTest.csproj", "{A45A5E93-798C-427D-9900-B605C56AB3CB}"
EndProject
Global
	GlobalSection(SolutionConfigurationPlatforms) = preSolution
		Debug|Any CPU = Debug|Any CPU
		Release|Any CPU = Release|Any CPU
	EndGlobalSection
	GlobalSection(ProjectConfigurationPlatforms) = postSolution
		{D89B1CE8-B86A-4C01-A157-4AC3E00A9189}.Debug|Any CPU.ActiveCfg = Debug|Any CPU
		{D89B1CE8-B86A-4C01-A157-4AC3E00A9189}.Debug|Any CPU.Build.0 = Debug|Any CPU
		{D89B1CE8-B86A-4C01-A157-4AC3E00A9189}.Release|Any CPU.ActiveCfg = Release|Any CPU
		{D89B1CE8-B86A-4C01-A157-4AC3E00A9189}.Release|Any CPU.Build.0 = Release|Any CPU
		{9E8B3411-00D7-4A3E-BA42-5CB2DA563FE4}.Debug|Any CPU.ActiveCfg = Debug|Any CPU
		{9E8B3411-00D7-4A3E-BA42-5CB2DA563FE4}.Debug|Any CPU.Build.0 = Debug|Any CPU
		{9E8B3411-00D7-4A3E-BA42-5CB2DA563FE4}.Release|Any CPU.ActiveCfg = Release|Any CPU
		{9E8B3411-00D7-4A3E-BA42-5CB2DA563FE4}.Release|Any CPU.Build.0 = Release|Any CPU
		{94C96E09-3528-4AD3-9124-19286C12AB0B}.Debug|Any CPU.ActiveCfg = Debug|Any CPU
		{94C96E09-3528-4AD3-9124-19286C12AB0B}.Debug|Any CPU.Build.0 = Debug|Any CPU
		{94C96E09-3528-4AD3-9124-19286C12AB0B}.Release|Any CPU.ActiveCfg = Release|Any CPU
		{94C96E09-3528-4AD3-9124-19286C12AB0B}.Release|Any CPU.Build.0 = Release|Any CPU
		{A45A5E93-798C-427D-9900-B605C56AB3CB}.Debug|Any CPU.ActiveCfg = Debug|Any CPU
		{A45A5E93-798C-427D-9900-B605C56AB3CB}.Debug|Any CPU.Build.0 = Debug|Any CPU
		{A45A5E93-798C-427D-9900-B605C56AB3CB}.Release|Any CPU.ActiveCfg = Release|Any CPU
		{A45A5E93-798C-427D-9900-B605C56AB3CB}.Release|Any CPU.Build.0 = Release|Any CPU
	EndGlobalSection
	GlobalSection(SolutionProperties) = preSolution
		HideSolutionNode = FALSE
	EndGlobalSection
	GlobalSection(ExtensibilityGlobals) = postSolution
		SolutionGuid = {5E7618EC-7FA3-4E0F-B2B2-6D64884280AA}
	EndGlobalSection
EndGlobal
